
Microsoft Visual Studio Solution File, Format Version 12.00
# Visual Studio 15
Project("{FAE04EC0-301F-11D3-BF4B-00C04F79EFBC}") = "Sestini.Android", "Sestini.Android.csproj", "{5F2B33C0-798D-41FC-B474-9B89FF5A09EF}"
EndProject
Global
	GlobalSection(SolutionConfigurationPlatforms) = preSolution
		Debug|Any CPU = Debug|Any CPU
		Release|Any CPU = Release|Any CPU
	EndGlobalSection
	GlobalSection(ProjectConfigurationPlatforms) = postSolution
		{5F2B33C0-798D-41FC-B474-9B89FF5A09EF}.Debug|Any CPU.ActiveCfg = Debug|Any CPU
		{5F2B33C0-798D-41FC-B474-9B89FF5A09EF}.Debug|Any CPU.Build.0 = Debug|Any CPU
		{5F2B33C0-798D-41FC-B474-9B89FF5A09EF}.Release|Any CPU.ActiveCfg = Release|Any CPU
		{5F2B33C0-798D-41FC-B474-9B89FF5A09EF}.Release|Any CPU.Build.0 = Release|Any CPU
	EndGlobalSection
EndGlobal
