
Microsoft Visual Studio Solution File, Format Version 12.00
# Visual Studio 15
VisualStudioVersion = 15.0.28010.2050
MinimumVisualStudioVersion = 10.0.40219.1
Project("{2150E333-8FDC-42A3-9474-1A3956D46DE8}") = "Forms", "Forms", "{917C6CD5-AB40-4834-AC83-F31AD9C6A503}"
EndProject
Project("{2150E333-8FDC-42A3-9474-1A3956D46DE8}") = "Infraestrutura", "Infraestrutura", "{909064CC-693A-4689-957D-46ADB692AD3E}"
EndProject
Project("{2150E333-8FDC-42A3-9474-1A3956D46DE8}") = "Domain", "Domain", "{9EF98CB3-294F-4CCF-8024-279FF290E355}"
EndProject
Project("{2150E333-8FDC-42A3-9474-1A3956D46DE8}") = "Infra", "Infra", "{8CD615A2-207E-4F19-8D3F-0CDCBDAE440D}"
EndProject
Project("{2150E333-8FDC-42A3-9474-1A3956D46DE8}") = "Sincronizacao", "Sincronizacao", "{532334CA-FC86-4305-B775-5E3A0379016B}"
EndProject
Project("{2150E333-8FDC-42A3-9474-1A3956D46DE8}") = "Framework", "Framework", "{082E54CB-236C-4EB2-9D91-A072CEF6A059}"
EndProject
Project("{2150E333-8FDC-42A3-9474-1A3956D46DE8}") = "SharedPlataforms", "SharedPlataforms", "{8D673D2A-8F43-4027-B0F2-16E10714CD61}"
EndProject
Project("{9A19103F-16F7-4668-BE54-9A1E7A4F7556}") = "MobiliVendas.Core", "..\..\IntermidiaXamarin\MobiliVendas\Compartilhado\MobiliVendas.Core\MobiliVendas.Core.csproj", "{82D8312B-4B4C-43E4-A8E1-57D75FF4BAF4}"
EndProject
Project("{9A19103F-16F7-4668-BE54-9A1E7A4F7556}") = "MobiliVendas.Core.Domain", "..\..\IntermidiaXamarin\MobiliVendas\Compartilhado\MobiliVendas.Core.Domain\MobiliVendas.Core.Domain.csproj", "{DAF67A18-E85C-4DB5-83C2-E7449E60260A}"
EndProject
Project("{9A19103F-16F7-4668-BE54-9A1E7A4F7556}") = "MobiliVendas.Core.Shared", "..\..\IntermidiaXamarin\MobiliVendas\Compartilhado\MobiliVendas.Core.Shared\MobiliVendas.Core.Shared.csproj", "{26393B33-EA40-422C-8D1A-F6D19C94BA0D}"
EndProject
Project("{FAE04EC0-301F-11D3-BF4B-00C04F79EFBC}") = "MobiliVendas.Core.Lib.UWP", "..\..\IntermidiaXamarin\MobiliVendas\Compartilhado\MobiliVendas.Core.Lib.UWP\MobiliVendas.Core.Lib.UWP.csproj", "{D2ED7C14-E628-4883-A22D-E55C603E65F3}"
EndProject
Project("{FAE04EC0-301F-11D3-BF4B-00C04F79EFBC}") = "MobiliVendas.Core.Lib.IOS", "..\..\IntermidiaXamarin\MobiliVendas\Compartilhado\MobiliVendas.Core.Lib.IOS\MobiliVendas.Core.Lib.IOS.csproj", "{E71F3053-056C-4381-9638-048ED73BDFF6}"
EndProject
Project("{9A19103F-16F7-4668-BE54-9A1E7A4F7556}") = "MobiliVendas.Core.Sincronizacao", "..\..\IntermidiaXamarin\MobiliVendas\Compartilhado\MobiliVendas.Core.Sincronizacao\MobiliVendas.Core.Sincronizacao.csproj", "{15A18528-8C96-4680-B6F2-F49AF78B8FC0}"
EndProject
Project("{9A19103F-16F7-4668-BE54-9A1E7A4F7556}") = "MobiliVendas.Core.DataBase", "..\..\IntermidiaXamarin\MobiliVendas\Compartilhado\MobiliVendas.Core.DataBase\MobiliVendas.Core.DataBase.csproj", "{FCB81B9F-94E6-47B3-B469-C2F0EEE82A8F}"
EndProject
Project("{9A19103F-16F7-4668-BE54-9A1E7A4F7556}") = "MobiliVendas.Core.Infra", "..\..\IntermidiaXamarin\MobiliVendas\Compartilhado\MobiliVendas.Core.Infra\MobiliVendas.Core.Infra.csproj", "{79A937FD-5691-473E-B6B3-FF08924F3B7B}"
EndProject
Project("{FAE04EC0-301F-11D3-BF4B-00C04F79EFBC}") = "MobiliVendas.Core.Lib.Android", "..\..\IntermidiaXamarin\MobiliVendas\Compartilhado\MobiliVendas.Core.Lib.Android\MobiliVendas.Core.Lib.Android.csproj", "{A5CC8529-D445-43D7-86C5-B2F251916963}"
EndProject
Project("{2150E333-8FDC-42A3-9474-1A3956D46DE8}") = "Pegada", "Pegada", "{3B3E04BC-B880-49AF-B4B0-96D0C02049BF}"
EndProject
Project("{2150E333-8FDC-42A3-9474-1A3956D46DE8}") = "Core", "Core", "{C793EB63-5A6D-4034-BD14-352EE60EA3C9}"
EndProject
Project("{9A19103F-16F7-4668-BE54-9A1E7A4F7556}") = "Pegada.Core", "Pegada.Core\Pegada.Core.csproj", "{8C7D517D-4803-4268-86AC-674E65D35DDD}"
EndProject
Project("{FAE04EC0-301F-11D3-BF4B-00C04F79EFBC}") = "Pegada.Android", "Pegada.Android\Pegada.Android.csproj", "{5F2B33C0-798D-41FC-B474-9B89FF5A09EF}"
EndProject
Project("{FAE04EC0-301F-11D3-BF4B-00C04F79EFBC}") = "Pegada.iOS", "Pegada.iOS\Pegada.iOS.csproj", "{BE7E54E9-920D-4E70-AA12-C87E4A766E79}"
EndProject
Project("{FAE04EC0-301F-11D3-BF4B-00C04F79EFBC}") = "Pegada.UWP", "Pegada.UWP\Pegada.UWP.csproj", "{79E882AA-014B-4607-A12E-5398BA7858EB}"
EndProject
Global
	GlobalSection(SolutionConfigurationPlatforms) = preSolution
		Ad-Hoc|Any CPU = Ad-Hoc|Any CPU
		Ad-Hoc|ARM = Ad-Hoc|ARM
		Ad-Hoc|iPhone = Ad-Hoc|iPhone
		Ad-Hoc|iPhoneSimulator = Ad-Hoc|iPhoneSimulator
		Ad-Hoc|x64 = Ad-Hoc|x64
		Ad-Hoc|x86 = Ad-Hoc|x86
		AppStore|Any CPU = AppStore|Any CPU
		AppStore|ARM = AppStore|ARM
		AppStore|iPhone = AppStore|iPhone
		AppStore|iPhoneSimulator = AppStore|iPhoneSimulator
		AppStore|x64 = AppStore|x64
		AppStore|x86 = AppStore|x86
		Debug|Any CPU = Debug|Any CPU
		Debug|ARM = Debug|ARM
		Debug|iPhone = Debug|iPhone
		Debug|iPhoneSimulator = Debug|iPhoneSimulator
		Debug|x64 = Debug|x64
		Debug|x86 = Debug|x86
		Release|Any CPU = Release|Any CPU
		Release|ARM = Release|ARM
		Release|iPhone = Release|iPhone
		Release|iPhoneSimulator = Release|iPhoneSimulator
		Release|x64 = Release|x64
		Release|x86 = Release|x86
	EndGlobalSection
	GlobalSection(ProjectConfigurationPlatforms) = postSolution
		{82D8312B-4B4C-43E4-A8E1-57D75FF4BAF4}.Ad-Hoc|Any CPU.ActiveCfg = Debug|Any CPU
		{82D8312B-4B4C-43E4-A8E1-57D75FF4BAF4}.Ad-Hoc|Any CPU.Build.0 = Debug|Any CPU
		{82D8312B-4B4C-43E4-A8E1-57D75FF4BAF4}.Ad-Hoc|ARM.ActiveCfg = Debug|Any CPU
		{82D8312B-4B4C-43E4-A8E1-57D75FF4BAF4}.Ad-Hoc|ARM.Build.0 = Debug|Any CPU
		{82D8312B-4B4C-43E4-A8E1-57D75FF4BAF4}.Ad-Hoc|iPhone.ActiveCfg = Debug|Any CPU
		{82D8312B-4B4C-43E4-A8E1-57D75FF4BAF4}.Ad-Hoc|iPhone.Build.0 = Debug|Any CPU
		{82D8312B-4B4C-43E4-A8E1-57D75FF4BAF4}.Ad-Hoc|iPhoneSimulator.ActiveCfg = Debug|Any CPU
		{82D8312B-4B4C-43E4-A8E1-57D75FF4BAF4}.Ad-Hoc|iPhoneSimulator.Build.0 = Debug|Any CPU
		{82D8312B-4B4C-43E4-A8E1-57D75FF4BAF4}.Ad-Hoc|x64.ActiveCfg = Debug|Any CPU
		{82D8312B-4B4C-43E4-A8E1-57D75FF4BAF4}.Ad-Hoc|x64.Build.0 = Debug|Any CPU
		{82D8312B-4B4C-43E4-A8E1-57D75FF4BAF4}.Ad-Hoc|x86.ActiveCfg = Debug|Any CPU
		{82D8312B-4B4C-43E4-A8E1-57D75FF4BAF4}.Ad-Hoc|x86.Build.0 = Debug|Any CPU
		{82D8312B-4B4C-43E4-A8E1-57D75FF4BAF4}.AppStore|Any CPU.ActiveCfg = Debug|Any CPU
		{82D8312B-4B4C-43E4-A8E1-57D75FF4BAF4}.AppStore|Any CPU.Build.0 = Debug|Any CPU
		{82D8312B-4B4C-43E4-A8E1-57D75FF4BAF4}.AppStore|ARM.ActiveCfg = Debug|Any CPU
		{82D8312B-4B4C-43E4-A8E1-57D75FF4BAF4}.AppStore|ARM.Build.0 = Debug|Any CPU
		{82D8312B-4B4C-43E4-A8E1-57D75FF4BAF4}.AppStore|iPhone.ActiveCfg = Debug|Any CPU
		{82D8312B-4B4C-43E4-A8E1-57D75FF4BAF4}.AppStore|iPhone.Build.0 = Debug|Any CPU
		{82D8312B-4B4C-43E4-A8E1-57D75FF4BAF4}.AppStore|iPhoneSimulator.ActiveCfg = Debug|Any CPU
		{82D8312B-4B4C-43E4-A8E1-57D75FF4BAF4}.AppStore|iPhoneSimulator.Build.0 = Debug|Any CPU
		{82D8312B-4B4C-43E4-A8E1-57D75FF4BAF4}.AppStore|x64.ActiveCfg = Debug|Any CPU
		{82D8312B-4B4C-43E4-A8E1-57D75FF4BAF4}.AppStore|x64.Build.0 = Debug|Any CPU
		{82D8312B-4B4C-43E4-A8E1-57D75FF4BAF4}.AppStore|x86.ActiveCfg = Debug|Any CPU
		{82D8312B-4B4C-43E4-A8E1-57D75FF4BAF4}.AppStore|x86.Build.0 = Debug|Any CPU
		{82D8312B-4B4C-43E4-A8E1-57D75FF4BAF4}.Debug|Any CPU.ActiveCfg = Debug|Any CPU
		{82D8312B-4B4C-43E4-A8E1-57D75FF4BAF4}.Debug|Any CPU.Build.0 = Debug|Any CPU
		{82D8312B-4B4C-43E4-A8E1-57D75FF4BAF4}.Debug|ARM.ActiveCfg = Debug|Any CPU
		{82D8312B-4B4C-43E4-A8E1-57D75FF4BAF4}.Debug|ARM.Build.0 = Debug|Any CPU
		{82D8312B-4B4C-43E4-A8E1-57D75FF4BAF4}.Debug|iPhone.ActiveCfg = Debug|Any CPU
		{82D8312B-4B4C-43E4-A8E1-57D75FF4BAF4}.Debug|iPhone.Build.0 = Debug|Any CPU
		{82D8312B-4B4C-43E4-A8E1-57D75FF4BAF4}.Debug|iPhoneSimulator.ActiveCfg = Debug|Any CPU
		{82D8312B-4B4C-43E4-A8E1-57D75FF4BAF4}.Debug|iPhoneSimulator.Build.0 = Debug|Any CPU
		{82D8312B-4B4C-43E4-A8E1-57D75FF4BAF4}.Debug|x64.ActiveCfg = Debug|Any CPU
		{82D8312B-4B4C-43E4-A8E1-57D75FF4BAF4}.Debug|x64.Build.0 = Debug|Any CPU
		{82D8312B-4B4C-43E4-A8E1-57D75FF4BAF4}.Debug|x86.ActiveCfg = Debug|Any CPU
		{82D8312B-4B4C-43E4-A8E1-57D75FF4BAF4}.Debug|x86.Build.0 = Debug|Any CPU
		{82D8312B-4B4C-43E4-A8E1-57D75FF4BAF4}.Release|Any CPU.ActiveCfg = Release|Any CPU
		{82D8312B-4B4C-43E4-A8E1-57D75FF4BAF4}.Release|Any CPU.Build.0 = Release|Any CPU
		{82D8312B-4B4C-43E4-A8E1-57D75FF4BAF4}.Release|ARM.ActiveCfg = Release|Any CPU
		{82D8312B-4B4C-43E4-A8E1-57D75FF4BAF4}.Release|ARM.Build.0 = Release|Any CPU
		{82D8312B-4B4C-43E4-A8E1-57D75FF4BAF4}.Release|iPhone.ActiveCfg = Release|Any CPU
		{82D8312B-4B4C-43E4-A8E1-57D75FF4BAF4}.Release|iPhone.Build.0 = Release|Any CPU
		{82D8312B-4B4C-43E4-A8E1-57D75FF4BAF4}.Release|iPhoneSimulator.ActiveCfg = Release|Any CPU
		{82D8312B-4B4C-43E4-A8E1-57D75FF4BAF4}.Release|iPhoneSimulator.Build.0 = Release|Any CPU
		{82D8312B-4B4C-43E4-A8E1-57D75FF4BAF4}.Release|x64.ActiveCfg = Release|Any CPU
		{82D8312B-4B4C-43E4-A8E1-57D75FF4BAF4}.Release|x64.Build.0 = Release|Any CPU
		{82D8312B-4B4C-43E4-A8E1-57D75FF4BAF4}.Release|x86.ActiveCfg = Release|Any CPU
		{82D8312B-4B4C-43E4-A8E1-57D75FF4BAF4}.Release|x86.Build.0 = Release|Any CPU
		{DAF67A18-E85C-4DB5-83C2-E7449E60260A}.Ad-Hoc|Any CPU.ActiveCfg = Debug|Any CPU
		{DAF67A18-E85C-4DB5-83C2-E7449E60260A}.Ad-Hoc|Any CPU.Build.0 = Debug|Any CPU
		{DAF67A18-E85C-4DB5-83C2-E7449E60260A}.Ad-Hoc|ARM.ActiveCfg = Debug|Any CPU
		{DAF67A18-E85C-4DB5-83C2-E7449E60260A}.Ad-Hoc|ARM.Build.0 = Debug|Any CPU
		{DAF67A18-E85C-4DB5-83C2-E7449E60260A}.Ad-Hoc|iPhone.ActiveCfg = Debug|Any CPU
		{DAF67A18-E85C-4DB5-83C2-E7449E60260A}.Ad-Hoc|iPhone.Build.0 = Debug|Any CPU
		{DAF67A18-E85C-4DB5-83C2-E7449E60260A}.Ad-Hoc|iPhoneSimulator.ActiveCfg = Debug|Any CPU
		{DAF67A18-E85C-4DB5-83C2-E7449E60260A}.Ad-Hoc|iPhoneSimulator.Build.0 = Debug|Any CPU
		{DAF67A18-E85C-4DB5-83C2-E7449E60260A}.Ad-Hoc|x64.ActiveCfg = Debug|Any CPU
		{DAF67A18-E85C-4DB5-83C2-E7449E60260A}.Ad-Hoc|x64.Build.0 = Debug|Any CPU
		{DAF67A18-E85C-4DB5-83C2-E7449E60260A}.Ad-Hoc|x86.ActiveCfg = Debug|Any CPU
		{DAF67A18-E85C-4DB5-83C2-E7449E60260A}.Ad-Hoc|x86.Build.0 = Debug|Any CPU
		{DAF67A18-E85C-4DB5-83C2-E7449E60260A}.AppStore|Any CPU.ActiveCfg = Debug|Any CPU
		{DAF67A18-E85C-4DB5-83C2-E7449E60260A}.AppStore|Any CPU.Build.0 = Debug|Any CPU
		{DAF67A18-E85C-4DB5-83C2-E7449E60260A}.AppStore|ARM.ActiveCfg = Debug|Any CPU
		{DAF67A18-E85C-4DB5-83C2-E7449E60260A}.AppStore|ARM.Build.0 = Debug|Any CPU
		{DAF67A18-E85C-4DB5-83C2-E7449E60260A}.AppStore|iPhone.ActiveCfg = Debug|Any CPU
		{DAF67A18-E85C-4DB5-83C2-E7449E60260A}.AppStore|iPhone.Build.0 = Debug|Any CPU
		{DAF67A18-E85C-4DB5-83C2-E7449E60260A}.AppStore|iPhoneSimulator.ActiveCfg = Debug|Any CPU
		{DAF67A18-E85C-4DB5-83C2-E7449E60260A}.AppStore|iPhoneSimulator.Build.0 = Debug|Any CPU
		{DAF67A18-E85C-4DB5-83C2-E7449E60260A}.AppStore|x64.ActiveCfg = Debug|Any CPU
		{DAF67A18-E85C-4DB5-83C2-E7449E60260A}.AppStore|x64.Build.0 = Debug|Any CPU
		{DAF67A18-E85C-4DB5-83C2-E7449E60260A}.AppStore|x86.ActiveCfg = Debug|Any CPU
		{DAF67A18-E85C-4DB5-83C2-E7449E60260A}.AppStore|x86.Build.0 = Debug|Any CPU
		{DAF67A18-E85C-4DB5-83C2-E7449E60260A}.Debug|Any CPU.ActiveCfg = Debug|Any CPU
		{DAF67A18-E85C-4DB5-83C2-E7449E60260A}.Debug|Any CPU.Build.0 = Debug|Any CPU
		{DAF67A18-E85C-4DB5-83C2-E7449E60260A}.Debug|ARM.ActiveCfg = Debug|Any CPU
		{DAF67A18-E85C-4DB5-83C2-E7449E60260A}.Debug|ARM.Build.0 = Debug|Any CPU
		{DAF67A18-E85C-4DB5-83C2-E7449E60260A}.Debug|iPhone.ActiveCfg = Debug|Any CPU
		{DAF67A18-E85C-4DB5-83C2-E7449E60260A}.Debug|iPhone.Build.0 = Debug|Any CPU
		{DAF67A18-E85C-4DB5-83C2-E7449E60260A}.Debug|iPhoneSimulator.ActiveCfg = Debug|Any CPU
		{DAF67A18-E85C-4DB5-83C2-E7449E60260A}.Debug|iPhoneSimulator.Build.0 = Debug|Any CPU
		{DAF67A18-E85C-4DB5-83C2-E7449E60260A}.Debug|x64.ActiveCfg = Debug|Any CPU
		{DAF67A18-E85C-4DB5-83C2-E7449E60260A}.Debug|x64.Build.0 = Debug|Any CPU
		{DAF67A18-E85C-4DB5-83C2-E7449E60260A}.Debug|x86.ActiveCfg = Debug|Any CPU
		{DAF67A18-E85C-4DB5-83C2-E7449E60260A}.Debug|x86.Build.0 = Debug|Any CPU
		{DAF67A18-E85C-4DB5-83C2-E7449E60260A}.Release|Any CPU.ActiveCfg = Release|Any CPU
		{DAF67A18-E85C-4DB5-83C2-E7449E60260A}.Release|Any CPU.Build.0 = Release|Any CPU
		{DAF67A18-E85C-4DB5-83C2-E7449E60260A}.Release|ARM.ActiveCfg = Release|Any CPU
		{DAF67A18-E85C-4DB5-83C2-E7449E60260A}.Release|ARM.Build.0 = Release|Any CPU
		{DAF67A18-E85C-4DB5-83C2-E7449E60260A}.Release|iPhone.ActiveCfg = Release|Any CPU
		{DAF67A18-E85C-4DB5-83C2-E7449E60260A}.Release|iPhone.Build.0 = Release|Any CPU
		{DAF67A18-E85C-4DB5-83C2-E7449E60260A}.Release|iPhoneSimulator.ActiveCfg = Release|Any CPU
		{DAF67A18-E85C-4DB5-83C2-E7449E60260A}.Release|iPhoneSimulator.Build.0 = Release|Any CPU
		{DAF67A18-E85C-4DB5-83C2-E7449E60260A}.Release|x64.ActiveCfg = Release|Any CPU
		{DAF67A18-E85C-4DB5-83C2-E7449E60260A}.Release|x64.Build.0 = Release|Any CPU
		{DAF67A18-E85C-4DB5-83C2-E7449E60260A}.Release|x86.ActiveCfg = Release|Any CPU
		{DAF67A18-E85C-4DB5-83C2-E7449E60260A}.Release|x86.Build.0 = Release|Any CPU
		{26393B33-EA40-422C-8D1A-F6D19C94BA0D}.Ad-Hoc|Any CPU.ActiveCfg = Debug|Any CPU
		{26393B33-EA40-422C-8D1A-F6D19C94BA0D}.Ad-Hoc|Any CPU.Build.0 = Debug|Any CPU
		{26393B33-EA40-422C-8D1A-F6D19C94BA0D}.Ad-Hoc|ARM.ActiveCfg = Debug|Any CPU
		{26393B33-EA40-422C-8D1A-F6D19C94BA0D}.Ad-Hoc|ARM.Build.0 = Debug|Any CPU
		{26393B33-EA40-422C-8D1A-F6D19C94BA0D}.Ad-Hoc|iPhone.ActiveCfg = Debug|Any CPU
		{26393B33-EA40-422C-8D1A-F6D19C94BA0D}.Ad-Hoc|iPhone.Build.0 = Debug|Any CPU
		{26393B33-EA40-422C-8D1A-F6D19C94BA0D}.Ad-Hoc|iPhoneSimulator.ActiveCfg = Debug|Any CPU
		{26393B33-EA40-422C-8D1A-F6D19C94BA0D}.Ad-Hoc|iPhoneSimulator.Build.0 = Debug|Any CPU
		{26393B33-EA40-422C-8D1A-F6D19C94BA0D}.Ad-Hoc|x64.ActiveCfg = Debug|Any CPU
		{26393B33-EA40-422C-8D1A-F6D19C94BA0D}.Ad-Hoc|x64.Build.0 = Debug|Any CPU
		{26393B33-EA40-422C-8D1A-F6D19C94BA0D}.Ad-Hoc|x86.ActiveCfg = Debug|Any CPU
		{26393B33-EA40-422C-8D1A-F6D19C94BA0D}.Ad-Hoc|x86.Build.0 = Debug|Any CPU
		{26393B33-EA40-422C-8D1A-F6D19C94BA0D}.AppStore|Any CPU.ActiveCfg = Debug|Any CPU
		{26393B33-EA40-422C-8D1A-F6D19C94BA0D}.AppStore|Any CPU.Build.0 = Debug|Any CPU
		{26393B33-EA40-422C-8D1A-F6D19C94BA0D}.AppStore|ARM.ActiveCfg = Debug|Any CPU
		{26393B33-EA40-422C-8D1A-F6D19C94BA0D}.AppStore|ARM.Build.0 = Debug|Any CPU
		{26393B33-EA40-422C-8D1A-F6D19C94BA0D}.AppStore|iPhone.ActiveCfg = Debug|Any CPU
		{26393B33-EA40-422C-8D1A-F6D19C94BA0D}.AppStore|iPhone.Build.0 = Debug|Any CPU
		{26393B33-EA40-422C-8D1A-F6D19C94BA0D}.AppStore|iPhoneSimulator.ActiveCfg = Debug|Any CPU
		{26393B33-EA40-422C-8D1A-F6D19C94BA0D}.AppStore|iPhoneSimulator.Build.0 = Debug|Any CPU
		{26393B33-EA40-422C-8D1A-F6D19C94BA0D}.AppStore|x64.ActiveCfg = Debug|Any CPU
		{26393B33-EA40-422C-8D1A-F6D19C94BA0D}.AppStore|x64.Build.0 = Debug|Any CPU
		{26393B33-EA40-422C-8D1A-F6D19C94BA0D}.AppStore|x86.ActiveCfg = Debug|Any CPU
		{26393B33-EA40-422C-8D1A-F6D19C94BA0D}.AppStore|x86.Build.0 = Debug|Any CPU
		{26393B33-EA40-422C-8D1A-F6D19C94BA0D}.Debug|Any CPU.ActiveCfg = Debug|Any CPU
		{26393B33-EA40-422C-8D1A-F6D19C94BA0D}.Debug|Any CPU.Build.0 = Debug|Any CPU
		{26393B33-EA40-422C-8D1A-F6D19C94BA0D}.Debug|ARM.ActiveCfg = Debug|Any CPU
		{26393B33-EA40-422C-8D1A-F6D19C94BA0D}.Debug|ARM.Build.0 = Debug|Any CPU
		{26393B33-EA40-422C-8D1A-F6D19C94BA0D}.Debug|iPhone.ActiveCfg = Debug|Any CPU
		{26393B33-EA40-422C-8D1A-F6D19C94BA0D}.Debug|iPhone.Build.0 = Debug|Any CPU
		{26393B33-EA40-422C-8D1A-F6D19C94BA0D}.Debug|iPhoneSimulator.ActiveCfg = Debug|Any CPU
		{26393B33-EA40-422C-8D1A-F6D19C94BA0D}.Debug|iPhoneSimulator.Build.0 = Debug|Any CPU
		{26393B33-EA40-422C-8D1A-F6D19C94BA0D}.Debug|x64.ActiveCfg = Debug|Any CPU
		{26393B33-EA40-422C-8D1A-F6D19C94BA0D}.Debug|x64.Build.0 = Debug|Any CPU
		{26393B33-EA40-422C-8D1A-F6D19C94BA0D}.Debug|x86.ActiveCfg = Debug|Any CPU
		{26393B33-EA40-422C-8D1A-F6D19C94BA0D}.Debug|x86.Build.0 = Debug|Any CPU
		{26393B33-EA40-422C-8D1A-F6D19C94BA0D}.Release|Any CPU.ActiveCfg = Release|Any CPU
		{26393B33-EA40-422C-8D1A-F6D19C94BA0D}.Release|Any CPU.Build.0 = Release|Any CPU
		{26393B33-EA40-422C-8D1A-F6D19C94BA0D}.Release|ARM.ActiveCfg = Release|Any CPU
		{26393B33-EA40-422C-8D1A-F6D19C94BA0D}.Release|ARM.Build.0 = Release|Any CPU
		{26393B33-EA40-422C-8D1A-F6D19C94BA0D}.Release|iPhone.ActiveCfg = Release|Any CPU
		{26393B33-EA40-422C-8D1A-F6D19C94BA0D}.Release|iPhone.Build.0 = Release|Any CPU
		{26393B33-EA40-422C-8D1A-F6D19C94BA0D}.Release|iPhoneSimulator.ActiveCfg = Release|Any CPU
		{26393B33-EA40-422C-8D1A-F6D19C94BA0D}.Release|iPhoneSimulator.Build.0 = Release|Any CPU
		{26393B33-EA40-422C-8D1A-F6D19C94BA0D}.Release|x64.ActiveCfg = Release|Any CPU
		{26393B33-EA40-422C-8D1A-F6D19C94BA0D}.Release|x64.Build.0 = Release|Any CPU
		{26393B33-EA40-422C-8D1A-F6D19C94BA0D}.Release|x86.ActiveCfg = Release|Any CPU
		{26393B33-EA40-422C-8D1A-F6D19C94BA0D}.Release|x86.Build.0 = Release|Any CPU
		{D2ED7C14-E628-4883-A22D-E55C603E65F3}.Ad-Hoc|Any CPU.ActiveCfg = Release|Any CPU
		{D2ED7C14-E628-4883-A22D-E55C603E65F3}.Ad-Hoc|Any CPU.Build.0 = Release|Any CPU
		{D2ED7C14-E628-4883-A22D-E55C603E65F3}.Ad-Hoc|ARM.ActiveCfg = Release|ARM
		{D2ED7C14-E628-4883-A22D-E55C603E65F3}.Ad-Hoc|ARM.Build.0 = Release|ARM
		{D2ED7C14-E628-4883-A22D-E55C603E65F3}.Ad-Hoc|iPhone.ActiveCfg = Release|Any CPU
		{D2ED7C14-E628-4883-A22D-E55C603E65F3}.Ad-Hoc|iPhone.Build.0 = Release|Any CPU
		{D2ED7C14-E628-4883-A22D-E55C603E65F3}.Ad-Hoc|iPhoneSimulator.ActiveCfg = Release|Any CPU
		{D2ED7C14-E628-4883-A22D-E55C603E65F3}.Ad-Hoc|iPhoneSimulator.Build.0 = Release|Any CPU
		{D2ED7C14-E628-4883-A22D-E55C603E65F3}.Ad-Hoc|x64.ActiveCfg = Release|x64
		{D2ED7C14-E628-4883-A22D-E55C603E65F3}.Ad-Hoc|x64.Build.0 = Release|x64
		{D2ED7C14-E628-4883-A22D-E55C603E65F3}.Ad-Hoc|x86.ActiveCfg = Release|x86
		{D2ED7C14-E628-4883-A22D-E55C603E65F3}.Ad-Hoc|x86.Build.0 = Release|x86
		{D2ED7C14-E628-4883-A22D-E55C603E65F3}.AppStore|Any CPU.ActiveCfg = Release|Any CPU
		{D2ED7C14-E628-4883-A22D-E55C603E65F3}.AppStore|Any CPU.Build.0 = Release|Any CPU
		{D2ED7C14-E628-4883-A22D-E55C603E65F3}.AppStore|ARM.ActiveCfg = Release|ARM
		{D2ED7C14-E628-4883-A22D-E55C603E65F3}.AppStore|ARM.Build.0 = Release|ARM
		{D2ED7C14-E628-4883-A22D-E55C603E65F3}.AppStore|iPhone.ActiveCfg = Release|Any CPU
		{D2ED7C14-E628-4883-A22D-E55C603E65F3}.AppStore|iPhone.Build.0 = Release|Any CPU
		{D2ED7C14-E628-4883-A22D-E55C603E65F3}.AppStore|iPhoneSimulator.ActiveCfg = Release|Any CPU
		{D2ED7C14-E628-4883-A22D-E55C603E65F3}.AppStore|iPhoneSimulator.Build.0 = Release|Any CPU
		{D2ED7C14-E628-4883-A22D-E55C603E65F3}.AppStore|x64.ActiveCfg = Release|x64
		{D2ED7C14-E628-4883-A22D-E55C603E65F3}.AppStore|x64.Build.0 = Release|x64
		{D2ED7C14-E628-4883-A22D-E55C603E65F3}.AppStore|x86.ActiveCfg = Release|x86
		{D2ED7C14-E628-4883-A22D-E55C603E65F3}.AppStore|x86.Build.0 = Release|x86
		{D2ED7C14-E628-4883-A22D-E55C603E65F3}.Debug|Any CPU.ActiveCfg = Debug|Any CPU
		{D2ED7C14-E628-4883-A22D-E55C603E65F3}.Debug|Any CPU.Build.0 = Debug|Any CPU
		{D2ED7C14-E628-4883-A22D-E55C603E65F3}.Debug|ARM.ActiveCfg = Debug|ARM
		{D2ED7C14-E628-4883-A22D-E55C603E65F3}.Debug|ARM.Build.0 = Debug|ARM
		{D2ED7C14-E628-4883-A22D-E55C603E65F3}.Debug|iPhone.ActiveCfg = Debug|Any CPU
		{D2ED7C14-E628-4883-A22D-E55C603E65F3}.Debug|iPhone.Build.0 = Debug|Any CPU
		{D2ED7C14-E628-4883-A22D-E55C603E65F3}.Debug|iPhoneSimulator.ActiveCfg = Debug|Any CPU
		{D2ED7C14-E628-4883-A22D-E55C603E65F3}.Debug|iPhoneSimulator.Build.0 = Debug|Any CPU
		{D2ED7C14-E628-4883-A22D-E55C603E65F3}.Debug|x64.ActiveCfg = Debug|x64
		{D2ED7C14-E628-4883-A22D-E55C603E65F3}.Debug|x64.Build.0 = Debug|x64
		{D2ED7C14-E628-4883-A22D-E55C603E65F3}.Debug|x86.ActiveCfg = Debug|x86
		{D2ED7C14-E628-4883-A22D-E55C603E65F3}.Debug|x86.Build.0 = Debug|x86
		{D2ED7C14-E628-4883-A22D-E55C603E65F3}.Release|Any CPU.ActiveCfg = Release|Any CPU
		{D2ED7C14-E628-4883-A22D-E55C603E65F3}.Release|Any CPU.Build.0 = Release|Any CPU
		{D2ED7C14-E628-4883-A22D-E55C603E65F3}.Release|ARM.ActiveCfg = Release|ARM
		{D2ED7C14-E628-4883-A22D-E55C603E65F3}.Release|ARM.Build.0 = Release|ARM
		{D2ED7C14-E628-4883-A22D-E55C603E65F3}.Release|iPhone.ActiveCfg = Release|Any CPU
		{D2ED7C14-E628-4883-A22D-E55C603E65F3}.Release|iPhone.Build.0 = Release|Any CPU
		{D2ED7C14-E628-4883-A22D-E55C603E65F3}.Release|iPhoneSimulator.ActiveCfg = Release|Any CPU
		{D2ED7C14-E628-4883-A22D-E55C603E65F3}.Release|iPhoneSimulator.Build.0 = Release|Any CPU
		{D2ED7C14-E628-4883-A22D-E55C603E65F3}.Release|x64.ActiveCfg = Release|x64
		{D2ED7C14-E628-4883-A22D-E55C603E65F3}.Release|x64.Build.0 = Release|x64
		{D2ED7C14-E628-4883-A22D-E55C603E65F3}.Release|x86.ActiveCfg = Release|x86
		{D2ED7C14-E628-4883-A22D-E55C603E65F3}.Release|x86.Build.0 = Release|x86
		{E71F3053-056C-4381-9638-048ED73BDFF6}.Ad-Hoc|Any CPU.ActiveCfg = Release|Any CPU
		{E71F3053-056C-4381-9638-048ED73BDFF6}.Ad-Hoc|Any CPU.Build.0 = Release|Any CPU
		{E71F3053-056C-4381-9638-048ED73BDFF6}.Ad-Hoc|ARM.ActiveCfg = Release|Any CPU
		{E71F3053-056C-4381-9638-048ED73BDFF6}.Ad-Hoc|ARM.Build.0 = Release|Any CPU
		{E71F3053-056C-4381-9638-048ED73BDFF6}.Ad-Hoc|iPhone.ActiveCfg = Release|Any CPU
		{E71F3053-056C-4381-9638-048ED73BDFF6}.Ad-Hoc|iPhone.Build.0 = Release|Any CPU
		{E71F3053-056C-4381-9638-048ED73BDFF6}.Ad-Hoc|iPhoneSimulator.ActiveCfg = Release|Any CPU
		{E71F3053-056C-4381-9638-048ED73BDFF6}.Ad-Hoc|iPhoneSimulator.Build.0 = Release|Any CPU
		{E71F3053-056C-4381-9638-048ED73BDFF6}.Ad-Hoc|x64.ActiveCfg = Release|Any CPU
		{E71F3053-056C-4381-9638-048ED73BDFF6}.Ad-Hoc|x64.Build.0 = Release|Any CPU
		{E71F3053-056C-4381-9638-048ED73BDFF6}.Ad-Hoc|x86.ActiveCfg = Release|Any CPU
		{E71F3053-056C-4381-9638-048ED73BDFF6}.Ad-Hoc|x86.Build.0 = Release|Any CPU
		{E71F3053-056C-4381-9638-048ED73BDFF6}.AppStore|Any CPU.ActiveCfg = Release|Any CPU
		{E71F3053-056C-4381-9638-048ED73BDFF6}.AppStore|Any CPU.Build.0 = Release|Any CPU
		{E71F3053-056C-4381-9638-048ED73BDFF6}.AppStore|ARM.ActiveCfg = Release|Any CPU
		{E71F3053-056C-4381-9638-048ED73BDFF6}.AppStore|ARM.Build.0 = Release|Any CPU
		{E71F3053-056C-4381-9638-048ED73BDFF6}.AppStore|iPhone.ActiveCfg = Release|Any CPU
		{E71F3053-056C-4381-9638-048ED73BDFF6}.AppStore|iPhone.Build.0 = Release|Any CPU
		{E71F3053-056C-4381-9638-048ED73BDFF6}.AppStore|iPhoneSimulator.ActiveCfg = Release|Any CPU
		{E71F3053-056C-4381-9638-048ED73BDFF6}.AppStore|iPhoneSimulator.Build.0 = Release|Any CPU
		{E71F3053-056C-4381-9638-048ED73BDFF6}.AppStore|x64.ActiveCfg = Release|Any CPU
		{E71F3053-056C-4381-9638-048ED73BDFF6}.AppStore|x64.Build.0 = Release|Any CPU
		{E71F3053-056C-4381-9638-048ED73BDFF6}.AppStore|x86.ActiveCfg = Release|Any CPU
		{E71F3053-056C-4381-9638-048ED73BDFF6}.AppStore|x86.Build.0 = Release|Any CPU
		{E71F3053-056C-4381-9638-048ED73BDFF6}.Debug|Any CPU.ActiveCfg = Debug|Any CPU
		{E71F3053-056C-4381-9638-048ED73BDFF6}.Debug|Any CPU.Build.0 = Debug|Any CPU
		{E71F3053-056C-4381-9638-048ED73BDFF6}.Debug|ARM.ActiveCfg = Debug|Any CPU
		{E71F3053-056C-4381-9638-048ED73BDFF6}.Debug|ARM.Build.0 = Debug|Any CPU
		{E71F3053-056C-4381-9638-048ED73BDFF6}.Debug|iPhone.ActiveCfg = Debug|Any CPU
		{E71F3053-056C-4381-9638-048ED73BDFF6}.Debug|iPhone.Build.0 = Debug|Any CPU
		{E71F3053-056C-4381-9638-048ED73BDFF6}.Debug|iPhoneSimulator.ActiveCfg = Debug|Any CPU
		{E71F3053-056C-4381-9638-048ED73BDFF6}.Debug|iPhoneSimulator.Build.0 = Debug|Any CPU
		{E71F3053-056C-4381-9638-048ED73BDFF6}.Debug|x64.ActiveCfg = Debug|Any CPU
		{E71F3053-056C-4381-9638-048ED73BDFF6}.Debug|x64.Build.0 = Debug|Any CPU
		{E71F3053-056C-4381-9638-048ED73BDFF6}.Debug|x86.ActiveCfg = Debug|Any CPU
		{E71F3053-056C-4381-9638-048ED73BDFF6}.Debug|x86.Build.0 = Debug|Any CPU
		{E71F3053-056C-4381-9638-048ED73BDFF6}.Release|Any CPU.ActiveCfg = Release|Any CPU
		{E71F3053-056C-4381-9638-048ED73BDFF6}.Release|Any CPU.Build.0 = Release|Any CPU
		{E71F3053-056C-4381-9638-048ED73BDFF6}.Release|ARM.ActiveCfg = Release|Any CPU
		{E71F3053-056C-4381-9638-048ED73BDFF6}.Release|ARM.Build.0 = Release|Any CPU
		{E71F3053-056C-4381-9638-048ED73BDFF6}.Release|iPhone.ActiveCfg = Release|Any CPU
		{E71F3053-056C-4381-9638-048ED73BDFF6}.Release|iPhone.Build.0 = Release|Any CPU
		{E71F3053-056C-4381-9638-048ED73BDFF6}.Release|iPhoneSimulator.ActiveCfg = Release|Any CPU
		{E71F3053-056C-4381-9638-048ED73BDFF6}.Release|iPhoneSimulator.Build.0 = Release|Any CPU
		{E71F3053-056C-4381-9638-048ED73BDFF6}.Release|x64.ActiveCfg = Release|Any CPU
		{E71F3053-056C-4381-9638-048ED73BDFF6}.Release|x64.Build.0 = Release|Any CPU
		{E71F3053-056C-4381-9638-048ED73BDFF6}.Release|x86.ActiveCfg = Release|Any CPU
		{E71F3053-056C-4381-9638-048ED73BDFF6}.Release|x86.Build.0 = Release|Any CPU
		{15A18528-8C96-4680-B6F2-F49AF78B8FC0}.Ad-Hoc|Any CPU.ActiveCfg = Debug|Any CPU
		{15A18528-8C96-4680-B6F2-F49AF78B8FC0}.Ad-Hoc|Any CPU.Build.0 = Debug|Any CPU
		{15A18528-8C96-4680-B6F2-F49AF78B8FC0}.Ad-Hoc|ARM.ActiveCfg = Debug|Any CPU
		{15A18528-8C96-4680-B6F2-F49AF78B8FC0}.Ad-Hoc|ARM.Build.0 = Debug|Any CPU
		{15A18528-8C96-4680-B6F2-F49AF78B8FC0}.Ad-Hoc|iPhone.ActiveCfg = Debug|Any CPU
		{15A18528-8C96-4680-B6F2-F49AF78B8FC0}.Ad-Hoc|iPhone.Build.0 = Debug|Any CPU
		{15A18528-8C96-4680-B6F2-F49AF78B8FC0}.Ad-Hoc|iPhoneSimulator.ActiveCfg = Debug|Any CPU
		{15A18528-8C96-4680-B6F2-F49AF78B8FC0}.Ad-Hoc|iPhoneSimulator.Build.0 = Debug|Any CPU
		{15A18528-8C96-4680-B6F2-F49AF78B8FC0}.Ad-Hoc|x64.ActiveCfg = Debug|Any CPU
		{15A18528-8C96-4680-B6F2-F49AF78B8FC0}.Ad-Hoc|x64.Build.0 = Debug|Any CPU
		{15A18528-8C96-4680-B6F2-F49AF78B8FC0}.Ad-Hoc|x86.ActiveCfg = Debug|Any CPU
		{15A18528-8C96-4680-B6F2-F49AF78B8FC0}.Ad-Hoc|x86.Build.0 = Debug|Any CPU
		{15A18528-8C96-4680-B6F2-F49AF78B8FC0}.AppStore|Any CPU.ActiveCfg = Debug|Any CPU
		{15A18528-8C96-4680-B6F2-F49AF78B8FC0}.AppStore|Any CPU.Build.0 = Debug|Any CPU
		{15A18528-8C96-4680-B6F2-F49AF78B8FC0}.AppStore|ARM.ActiveCfg = Debug|Any CPU
		{15A18528-8C96-4680-B6F2-F49AF78B8FC0}.AppStore|ARM.Build.0 = Debug|Any CPU
		{15A18528-8C96-4680-B6F2-F49AF78B8FC0}.AppStore|iPhone.ActiveCfg = Debug|Any CPU
		{15A18528-8C96-4680-B6F2-F49AF78B8FC0}.AppStore|iPhone.Build.0 = Debug|Any CPU
		{15A18528-8C96-4680-B6F2-F49AF78B8FC0}.AppStore|iPhoneSimulator.ActiveCfg = Debug|Any CPU
		{15A18528-8C96-4680-B6F2-F49AF78B8FC0}.AppStore|iPhoneSimulator.Build.0 = Debug|Any CPU
		{15A18528-8C96-4680-B6F2-F49AF78B8FC0}.AppStore|x64.ActiveCfg = Debug|Any CPU
		{15A18528-8C96-4680-B6F2-F49AF78B8FC0}.AppStore|x64.Build.0 = Debug|Any CPU
		{15A18528-8C96-4680-B6F2-F49AF78B8FC0}.AppStore|x86.ActiveCfg = Debug|Any CPU
		{15A18528-8C96-4680-B6F2-F49AF78B8FC0}.AppStore|x86.Build.0 = Debug|Any CPU
		{15A18528-8C96-4680-B6F2-F49AF78B8FC0}.Debug|Any CPU.ActiveCfg = Debug|Any CPU
		{15A18528-8C96-4680-B6F2-F49AF78B8FC0}.Debug|Any CPU.Build.0 = Debug|Any CPU
		{15A18528-8C96-4680-B6F2-F49AF78B8FC0}.Debug|ARM.ActiveCfg = Debug|Any CPU
		{15A18528-8C96-4680-B6F2-F49AF78B8FC0}.Debug|ARM.Build.0 = Debug|Any CPU
		{15A18528-8C96-4680-B6F2-F49AF78B8FC0}.Debug|iPhone.ActiveCfg = Debug|Any CPU
		{15A18528-8C96-4680-B6F2-F49AF78B8FC0}.Debug|iPhone.Build.0 = Debug|Any CPU
		{15A18528-8C96-4680-B6F2-F49AF78B8FC0}.Debug|iPhoneSimulator.ActiveCfg = Debug|Any CPU
		{15A18528-8C96-4680-B6F2-F49AF78B8FC0}.Debug|iPhoneSimulator.Build.0 = Debug|Any CPU
		{15A18528-8C96-4680-B6F2-F49AF78B8FC0}.Debug|x64.ActiveCfg = Debug|Any CPU
		{15A18528-8C96-4680-B6F2-F49AF78B8FC0}.Debug|x64.Build.0 = Debug|Any CPU
		{15A18528-8C96-4680-B6F2-F49AF78B8FC0}.Debug|x86.ActiveCfg = Debug|Any CPU
		{15A18528-8C96-4680-B6F2-F49AF78B8FC0}.Debug|x86.Build.0 = Debug|Any CPU
		{15A18528-8C96-4680-B6F2-F49AF78B8FC0}.Release|Any CPU.ActiveCfg = Release|Any CPU
		{15A18528-8C96-4680-B6F2-F49AF78B8FC0}.Release|Any CPU.Build.0 = Release|Any CPU
		{15A18528-8C96-4680-B6F2-F49AF78B8FC0}.Release|ARM.ActiveCfg = Release|Any CPU
		{15A18528-8C96-4680-B6F2-F49AF78B8FC0}.Release|ARM.Build.0 = Release|Any CPU
		{15A18528-8C96-4680-B6F2-F49AF78B8FC0}.Release|iPhone.ActiveCfg = Release|Any CPU
		{15A18528-8C96-4680-B6F2-F49AF78B8FC0}.Release|iPhone.Build.0 = Release|Any CPU
		{15A18528-8C96-4680-B6F2-F49AF78B8FC0}.Release|iPhoneSimulator.ActiveCfg = Release|Any CPU
		{15A18528-8C96-4680-B6F2-F49AF78B8FC0}.Release|iPhoneSimulator.Build.0 = Release|Any CPU
		{15A18528-8C96-4680-B6F2-F49AF78B8FC0}.Release|x64.ActiveCfg = Release|Any CPU
		{15A18528-8C96-4680-B6F2-F49AF78B8FC0}.Release|x64.Build.0 = Release|Any CPU
		{15A18528-8C96-4680-B6F2-F49AF78B8FC0}.Release|x86.ActiveCfg = Release|Any CPU
		{15A18528-8C96-4680-B6F2-F49AF78B8FC0}.Release|x86.Build.0 = Release|Any CPU
		{FCB81B9F-94E6-47B3-B469-C2F0EEE82A8F}.Ad-Hoc|Any CPU.ActiveCfg = Debug|Any CPU
		{FCB81B9F-94E6-47B3-B469-C2F0EEE82A8F}.Ad-Hoc|Any CPU.Build.0 = Debug|Any CPU
		{FCB81B9F-94E6-47B3-B469-C2F0EEE82A8F}.Ad-Hoc|ARM.ActiveCfg = Debug|Any CPU
		{FCB81B9F-94E6-47B3-B469-C2F0EEE82A8F}.Ad-Hoc|ARM.Build.0 = Debug|Any CPU
		{FCB81B9F-94E6-47B3-B469-C2F0EEE82A8F}.Ad-Hoc|iPhone.ActiveCfg = Debug|Any CPU
		{FCB81B9F-94E6-47B3-B469-C2F0EEE82A8F}.Ad-Hoc|iPhone.Build.0 = Debug|Any CPU
		{FCB81B9F-94E6-47B3-B469-C2F0EEE82A8F}.Ad-Hoc|iPhoneSimulator.ActiveCfg = Debug|Any CPU
		{FCB81B9F-94E6-47B3-B469-C2F0EEE82A8F}.Ad-Hoc|iPhoneSimulator.Build.0 = Debug|Any CPU
		{FCB81B9F-94E6-47B3-B469-C2F0EEE82A8F}.Ad-Hoc|x64.ActiveCfg = Debug|Any CPU
		{FCB81B9F-94E6-47B3-B469-C2F0EEE82A8F}.Ad-Hoc|x64.Build.0 = Debug|Any CPU
		{FCB81B9F-94E6-47B3-B469-C2F0EEE82A8F}.Ad-Hoc|x86.ActiveCfg = Debug|Any CPU
		{FCB81B9F-94E6-47B3-B469-C2F0EEE82A8F}.Ad-Hoc|x86.Build.0 = Debug|Any CPU
		{FCB81B9F-94E6-47B3-B469-C2F0EEE82A8F}.AppStore|Any CPU.ActiveCfg = Debug|Any CPU
		{FCB81B9F-94E6-47B3-B469-C2F0EEE82A8F}.AppStore|Any CPU.Build.0 = Debug|Any CPU
		{FCB81B9F-94E6-47B3-B469-C2F0EEE82A8F}.AppStore|ARM.ActiveCfg = Debug|Any CPU
		{FCB81B9F-94E6-47B3-B469-C2F0EEE82A8F}.AppStore|ARM.Build.0 = Debug|Any CPU
		{FCB81B9F-94E6-47B3-B469-C2F0EEE82A8F}.AppStore|iPhone.ActiveCfg = Debug|Any CPU
		{FCB81B9F-94E6-47B3-B469-C2F0EEE82A8F}.AppStore|iPhone.Build.0 = Debug|Any CPU
		{FCB81B9F-94E6-47B3-B469-C2F0EEE82A8F}.AppStore|iPhoneSimulator.ActiveCfg = Debug|Any CPU
		{FCB81B9F-94E6-47B3-B469-C2F0EEE82A8F}.AppStore|iPhoneSimulator.Build.0 = Debug|Any CPU
		{FCB81B9F-94E6-47B3-B469-C2F0EEE82A8F}.AppStore|x64.ActiveCfg = Debug|Any CPU
		{FCB81B9F-94E6-47B3-B469-C2F0EEE82A8F}.AppStore|x64.Build.0 = Debug|Any CPU
		{FCB81B9F-94E6-47B3-B469-C2F0EEE82A8F}.AppStore|x86.ActiveCfg = Debug|Any CPU
		{FCB81B9F-94E6-47B3-B469-C2F0EEE82A8F}.AppStore|x86.Build.0 = Debug|Any CPU
		{FCB81B9F-94E6-47B3-B469-C2F0EEE82A8F}.Debug|Any CPU.ActiveCfg = Debug|Any CPU
		{FCB81B9F-94E6-47B3-B469-C2F0EEE82A8F}.Debug|Any CPU.Build.0 = Debug|Any CPU
		{FCB81B9F-94E6-47B3-B469-C2F0EEE82A8F}.Debug|ARM.ActiveCfg = Debug|Any CPU
		{FCB81B9F-94E6-47B3-B469-C2F0EEE82A8F}.Debug|ARM.Build.0 = Debug|Any CPU
		{FCB81B9F-94E6-47B3-B469-C2F0EEE82A8F}.Debug|iPhone.ActiveCfg = Debug|Any CPU
		{FCB81B9F-94E6-47B3-B469-C2F0EEE82A8F}.Debug|iPhone.Build.0 = Debug|Any CPU
		{FCB81B9F-94E6-47B3-B469-C2F0EEE82A8F}.Debug|iPhoneSimulator.ActiveCfg = Debug|Any CPU
		{FCB81B9F-94E6-47B3-B469-C2F0EEE82A8F}.Debug|iPhoneSimulator.Build.0 = Debug|Any CPU
		{FCB81B9F-94E6-47B3-B469-C2F0EEE82A8F}.Debug|x64.ActiveCfg = Debug|Any CPU
		{FCB81B9F-94E6-47B3-B469-C2F0EEE82A8F}.Debug|x64.Build.0 = Debug|Any CPU
		{FCB81B9F-94E6-47B3-B469-C2F0EEE82A8F}.Debug|x86.ActiveCfg = Debug|Any CPU
		{FCB81B9F-94E6-47B3-B469-C2F0EEE82A8F}.Debug|x86.Build.0 = Debug|Any CPU
		{FCB81B9F-94E6-47B3-B469-C2F0EEE82A8F}.Release|Any CPU.ActiveCfg = Release|Any CPU
		{FCB81B9F-94E6-47B3-B469-C2F0EEE82A8F}.Release|Any CPU.Build.0 = Release|Any CPU
		{FCB81B9F-94E6-47B3-B469-C2F0EEE82A8F}.Release|ARM.ActiveCfg = Release|Any CPU
		{FCB81B9F-94E6-47B3-B469-C2F0EEE82A8F}.Release|ARM.Build.0 = Release|Any CPU
		{FCB81B9F-94E6-47B3-B469-C2F0EEE82A8F}.Release|iPhone.ActiveCfg = Release|Any CPU
		{FCB81B9F-94E6-47B3-B469-C2F0EEE82A8F}.Release|iPhone.Build.0 = Release|Any CPU
		{FCB81B9F-94E6-47B3-B469-C2F0EEE82A8F}.Release|iPhoneSimulator.ActiveCfg = Release|Any CPU
		{FCB81B9F-94E6-47B3-B469-C2F0EEE82A8F}.Release|iPhoneSimulator.Build.0 = Release|Any CPU
		{FCB81B9F-94E6-47B3-B469-C2F0EEE82A8F}.Release|x64.ActiveCfg = Release|Any CPU
		{FCB81B9F-94E6-47B3-B469-C2F0EEE82A8F}.Release|x64.Build.0 = Release|Any CPU
		{FCB81B9F-94E6-47B3-B469-C2F0EEE82A8F}.Release|x86.ActiveCfg = Release|Any CPU
		{FCB81B9F-94E6-47B3-B469-C2F0EEE82A8F}.Release|x86.Build.0 = Release|Any CPU
		{79A937FD-5691-473E-B6B3-FF08924F3B7B}.Ad-Hoc|Any CPU.ActiveCfg = Debug|Any CPU
		{79A937FD-5691-473E-B6B3-FF08924F3B7B}.Ad-Hoc|Any CPU.Build.0 = Debug|Any CPU
		{79A937FD-5691-473E-B6B3-FF08924F3B7B}.Ad-Hoc|ARM.ActiveCfg = Debug|Any CPU
		{79A937FD-5691-473E-B6B3-FF08924F3B7B}.Ad-Hoc|ARM.Build.0 = Debug|Any CPU
		{79A937FD-5691-473E-B6B3-FF08924F3B7B}.Ad-Hoc|iPhone.ActiveCfg = Debug|Any CPU
		{79A937FD-5691-473E-B6B3-FF08924F3B7B}.Ad-Hoc|iPhone.Build.0 = Debug|Any CPU
		{79A937FD-5691-473E-B6B3-FF08924F3B7B}.Ad-Hoc|iPhoneSimulator.ActiveCfg = Debug|Any CPU
		{79A937FD-5691-473E-B6B3-FF08924F3B7B}.Ad-Hoc|iPhoneSimulator.Build.0 = Debug|Any CPU
		{79A937FD-5691-473E-B6B3-FF08924F3B7B}.Ad-Hoc|x64.ActiveCfg = Debug|Any CPU
		{79A937FD-5691-473E-B6B3-FF08924F3B7B}.Ad-Hoc|x64.Build.0 = Debug|Any CPU
		{79A937FD-5691-473E-B6B3-FF08924F3B7B}.Ad-Hoc|x86.ActiveCfg = Debug|Any CPU
		{79A937FD-5691-473E-B6B3-FF08924F3B7B}.Ad-Hoc|x86.Build.0 = Debug|Any CPU
		{79A937FD-5691-473E-B6B3-FF08924F3B7B}.AppStore|Any CPU.ActiveCfg = Debug|Any CPU
		{79A937FD-5691-473E-B6B3-FF08924F3B7B}.AppStore|Any CPU.Build.0 = Debug|Any CPU
		{79A937FD-5691-473E-B6B3-FF08924F3B7B}.AppStore|ARM.ActiveCfg = Debug|Any CPU
		{79A937FD-5691-473E-B6B3-FF08924F3B7B}.AppStore|ARM.Build.0 = Debug|Any CPU
		{79A937FD-5691-473E-B6B3-FF08924F3B7B}.AppStore|iPhone.ActiveCfg = Debug|Any CPU
		{79A937FD-5691-473E-B6B3-FF08924F3B7B}.AppStore|iPhone.Build.0 = Debug|Any CPU
		{79A937FD-5691-473E-B6B3-FF08924F3B7B}.AppStore|iPhoneSimulator.ActiveCfg = Debug|Any CPU
		{79A937FD-5691-473E-B6B3-FF08924F3B7B}.AppStore|iPhoneSimulator.Build.0 = Debug|Any CPU
		{79A937FD-5691-473E-B6B3-FF08924F3B7B}.AppStore|x64.ActiveCfg = Debug|Any CPU
		{79A937FD-5691-473E-B6B3-FF08924F3B7B}.AppStore|x64.Build.0 = Debug|Any CPU
		{79A937FD-5691-473E-B6B3-FF08924F3B7B}.AppStore|x86.ActiveCfg = Debug|Any CPU
		{79A937FD-5691-473E-B6B3-FF08924F3B7B}.AppStore|x86.Build.0 = Debug|Any CPU
		{79A937FD-5691-473E-B6B3-FF08924F3B7B}.Debug|Any CPU.ActiveCfg = Debug|Any CPU
		{79A937FD-5691-473E-B6B3-FF08924F3B7B}.Debug|Any CPU.Build.0 = Debug|Any CPU
		{79A937FD-5691-473E-B6B3-FF08924F3B7B}.Debug|ARM.ActiveCfg = Debug|Any CPU
		{79A937FD-5691-473E-B6B3-FF08924F3B7B}.Debug|ARM.Build.0 = Debug|Any CPU
		{79A937FD-5691-473E-B6B3-FF08924F3B7B}.Debug|iPhone.ActiveCfg = Debug|Any CPU
		{79A937FD-5691-473E-B6B3-FF08924F3B7B}.Debug|iPhone.Build.0 = Debug|Any CPU
		{79A937FD-5691-473E-B6B3-FF08924F3B7B}.Debug|iPhoneSimulator.ActiveCfg = Debug|Any CPU
		{79A937FD-5691-473E-B6B3-FF08924F3B7B}.Debug|iPhoneSimulator.Build.0 = Debug|Any CPU
		{79A937FD-5691-473E-B6B3-FF08924F3B7B}.Debug|x64.ActiveCfg = Debug|Any CPU
		{79A937FD-5691-473E-B6B3-FF08924F3B7B}.Debug|x64.Build.0 = Debug|Any CPU
		{79A937FD-5691-473E-B6B3-FF08924F3B7B}.Debug|x86.ActiveCfg = Debug|Any CPU
		{79A937FD-5691-473E-B6B3-FF08924F3B7B}.Debug|x86.Build.0 = Debug|Any CPU
		{79A937FD-5691-473E-B6B3-FF08924F3B7B}.Release|Any CPU.ActiveCfg = Release|Any CPU
		{79A937FD-5691-473E-B6B3-FF08924F3B7B}.Release|Any CPU.Build.0 = Release|Any CPU
		{79A937FD-5691-473E-B6B3-FF08924F3B7B}.Release|ARM.ActiveCfg = Release|Any CPU
		{79A937FD-5691-473E-B6B3-FF08924F3B7B}.Release|ARM.Build.0 = Release|Any CPU
		{79A937FD-5691-473E-B6B3-FF08924F3B7B}.Release|iPhone.ActiveCfg = Release|Any CPU
		{79A937FD-5691-473E-B6B3-FF08924F3B7B}.Release|iPhone.Build.0 = Release|Any CPU
		{79A937FD-5691-473E-B6B3-FF08924F3B7B}.Release|iPhoneSimulator.ActiveCfg = Release|Any CPU
		{79A937FD-5691-473E-B6B3-FF08924F3B7B}.Release|iPhoneSimulator.Build.0 = Release|Any CPU
		{79A937FD-5691-473E-B6B3-FF08924F3B7B}.Release|x64.ActiveCfg = Release|Any CPU
		{79A937FD-5691-473E-B6B3-FF08924F3B7B}.Release|x64.Build.0 = Release|Any CPU
		{79A937FD-5691-473E-B6B3-FF08924F3B7B}.Release|x86.ActiveCfg = Release|Any CPU
		{79A937FD-5691-473E-B6B3-FF08924F3B7B}.Release|x86.Build.0 = Release|Any CPU
		{A5CC8529-D445-43D7-86C5-B2F251916963}.Ad-Hoc|Any CPU.ActiveCfg = Release|Any CPU
		{A5CC8529-D445-43D7-86C5-B2F251916963}.Ad-Hoc|Any CPU.Build.0 = Release|Any CPU
		{A5CC8529-D445-43D7-86C5-B2F251916963}.Ad-Hoc|ARM.ActiveCfg = Release|Any CPU
		{A5CC8529-D445-43D7-86C5-B2F251916963}.Ad-Hoc|ARM.Build.0 = Release|Any CPU
		{A5CC8529-D445-43D7-86C5-B2F251916963}.Ad-Hoc|iPhone.ActiveCfg = Release|Any CPU
		{A5CC8529-D445-43D7-86C5-B2F251916963}.Ad-Hoc|iPhone.Build.0 = Release|Any CPU
		{A5CC8529-D445-43D7-86C5-B2F251916963}.Ad-Hoc|iPhoneSimulator.ActiveCfg = Release|Any CPU
		{A5CC8529-D445-43D7-86C5-B2F251916963}.Ad-Hoc|iPhoneSimulator.Build.0 = Release|Any CPU
		{A5CC8529-D445-43D7-86C5-B2F251916963}.Ad-Hoc|x64.ActiveCfg = Release|Any CPU
		{A5CC8529-D445-43D7-86C5-B2F251916963}.Ad-Hoc|x64.Build.0 = Release|Any CPU
		{A5CC8529-D445-43D7-86C5-B2F251916963}.Ad-Hoc|x86.ActiveCfg = Release|Any CPU
		{A5CC8529-D445-43D7-86C5-B2F251916963}.Ad-Hoc|x86.Build.0 = Release|Any CPU
		{A5CC8529-D445-43D7-86C5-B2F251916963}.AppStore|Any CPU.ActiveCfg = Release|Any CPU
		{A5CC8529-D445-43D7-86C5-B2F251916963}.AppStore|Any CPU.Build.0 = Release|Any CPU
		{A5CC8529-D445-43D7-86C5-B2F251916963}.AppStore|ARM.ActiveCfg = Release|Any CPU
		{A5CC8529-D445-43D7-86C5-B2F251916963}.AppStore|ARM.Build.0 = Release|Any CPU
		{A5CC8529-D445-43D7-86C5-B2F251916963}.AppStore|iPhone.ActiveCfg = Release|Any CPU
		{A5CC8529-D445-43D7-86C5-B2F251916963}.AppStore|iPhone.Build.0 = Release|Any CPU
		{A5CC8529-D445-43D7-86C5-B2F251916963}.AppStore|iPhoneSimulator.ActiveCfg = Release|Any CPU
		{A5CC8529-D445-43D7-86C5-B2F251916963}.AppStore|iPhoneSimulator.Build.0 = Release|Any CPU
		{A5CC8529-D445-43D7-86C5-B2F251916963}.AppStore|x64.ActiveCfg = Release|Any CPU
		{A5CC8529-D445-43D7-86C5-B2F251916963}.AppStore|x64.Build.0 = Release|Any CPU
		{A5CC8529-D445-43D7-86C5-B2F251916963}.AppStore|x86.ActiveCfg = Release|Any CPU
		{A5CC8529-D445-43D7-86C5-B2F251916963}.AppStore|x86.Build.0 = Release|Any CPU
		{A5CC8529-D445-43D7-86C5-B2F251916963}.Debug|Any CPU.ActiveCfg = Debug|Any CPU
		{A5CC8529-D445-43D7-86C5-B2F251916963}.Debug|Any CPU.Build.0 = Debug|Any CPU
		{A5CC8529-D445-43D7-86C5-B2F251916963}.Debug|ARM.ActiveCfg = Debug|Any CPU
		{A5CC8529-D445-43D7-86C5-B2F251916963}.Debug|ARM.Build.0 = Debug|Any CPU
		{A5CC8529-D445-43D7-86C5-B2F251916963}.Debug|iPhone.ActiveCfg = Debug|Any CPU
		{A5CC8529-D445-43D7-86C5-B2F251916963}.Debug|iPhone.Build.0 = Debug|Any CPU
		{A5CC8529-D445-43D7-86C5-B2F251916963}.Debug|iPhoneSimulator.ActiveCfg = Debug|Any CPU
		{A5CC8529-D445-43D7-86C5-B2F251916963}.Debug|iPhoneSimulator.Build.0 = Debug|Any CPU
		{A5CC8529-D445-43D7-86C5-B2F251916963}.Debug|x64.ActiveCfg = Debug|Any CPU
		{A5CC8529-D445-43D7-86C5-B2F251916963}.Debug|x64.Build.0 = Debug|Any CPU
		{A5CC8529-D445-43D7-86C5-B2F251916963}.Debug|x86.ActiveCfg = Debug|Any CPU
		{A5CC8529-D445-43D7-86C5-B2F251916963}.Debug|x86.Build.0 = Debug|Any CPU
		{A5CC8529-D445-43D7-86C5-B2F251916963}.Release|Any CPU.ActiveCfg = Release|Any CPU
		{A5CC8529-D445-43D7-86C5-B2F251916963}.Release|Any CPU.Build.0 = Release|Any CPU
		{A5CC8529-D445-43D7-86C5-B2F251916963}.Release|ARM.ActiveCfg = Release|Any CPU
		{A5CC8529-D445-43D7-86C5-B2F251916963}.Release|ARM.Build.0 = Release|Any CPU
		{A5CC8529-D445-43D7-86C5-B2F251916963}.Release|iPhone.ActiveCfg = Release|Any CPU
		{A5CC8529-D445-43D7-86C5-B2F251916963}.Release|iPhone.Build.0 = Release|Any CPU
		{A5CC8529-D445-43D7-86C5-B2F251916963}.Release|iPhoneSimulator.ActiveCfg = Release|Any CPU
		{A5CC8529-D445-43D7-86C5-B2F251916963}.Release|iPhoneSimulator.Build.0 = Release|Any CPU
		{A5CC8529-D445-43D7-86C5-B2F251916963}.Release|x64.ActiveCfg = Release|Any CPU
		{A5CC8529-D445-43D7-86C5-B2F251916963}.Release|x64.Build.0 = Release|Any CPU
		{A5CC8529-D445-43D7-86C5-B2F251916963}.Release|x86.ActiveCfg = Release|Any CPU
		{A5CC8529-D445-43D7-86C5-B2F251916963}.Release|x86.Build.0 = Release|Any CPU
		{8C7D517D-4803-4268-86AC-674E65D35DDD}.Ad-Hoc|Any CPU.ActiveCfg = Debug|Any CPU
		{8C7D517D-4803-4268-86AC-674E65D35DDD}.Ad-Hoc|Any CPU.Build.0 = Debug|Any CPU
		{8C7D517D-4803-4268-86AC-674E65D35DDD}.Ad-Hoc|ARM.ActiveCfg = Debug|Any CPU
		{8C7D517D-4803-4268-86AC-674E65D35DDD}.Ad-Hoc|ARM.Build.0 = Debug|Any CPU
		{8C7D517D-4803-4268-86AC-674E65D35DDD}.Ad-Hoc|iPhone.ActiveCfg = Debug|Any CPU
		{8C7D517D-4803-4268-86AC-674E65D35DDD}.Ad-Hoc|iPhone.Build.0 = Debug|Any CPU
		{8C7D517D-4803-4268-86AC-674E65D35DDD}.Ad-Hoc|iPhoneSimulator.ActiveCfg = Debug|Any CPU
		{8C7D517D-4803-4268-86AC-674E65D35DDD}.Ad-Hoc|iPhoneSimulator.Build.0 = Debug|Any CPU
		{8C7D517D-4803-4268-86AC-674E65D35DDD}.Ad-Hoc|x64.ActiveCfg = Debug|Any CPU
		{8C7D517D-4803-4268-86AC-674E65D35DDD}.Ad-Hoc|x64.Build.0 = Debug|Any CPU
		{8C7D517D-4803-4268-86AC-674E65D35DDD}.Ad-Hoc|x86.ActiveCfg = Debug|Any CPU
		{8C7D517D-4803-4268-86AC-674E65D35DDD}.Ad-Hoc|x86.Build.0 = Debug|Any CPU
		{8C7D517D-4803-4268-86AC-674E65D35DDD}.AppStore|Any CPU.ActiveCfg = Debug|Any CPU
		{8C7D517D-4803-4268-86AC-674E65D35DDD}.AppStore|Any CPU.Build.0 = Debug|Any CPU
		{8C7D517D-4803-4268-86AC-674E65D35DDD}.AppStore|ARM.ActiveCfg = Debug|Any CPU
		{8C7D517D-4803-4268-86AC-674E65D35DDD}.AppStore|ARM.Build.0 = Debug|Any CPU
		{8C7D517D-4803-4268-86AC-674E65D35DDD}.AppStore|iPhone.ActiveCfg = Debug|Any CPU
		{8C7D517D-4803-4268-86AC-674E65D35DDD}.AppStore|iPhone.Build.0 = Debug|Any CPU
		{8C7D517D-4803-4268-86AC-674E65D35DDD}.AppStore|iPhoneSimulator.ActiveCfg = Debug|Any CPU
		{8C7D517D-4803-4268-86AC-674E65D35DDD}.AppStore|iPhoneSimulator.Build.0 = Debug|Any CPU
		{8C7D517D-4803-4268-86AC-674E65D35DDD}.AppStore|x64.ActiveCfg = Debug|Any CPU
		{8C7D517D-4803-4268-86AC-674E65D35DDD}.AppStore|x64.Build.0 = Debug|Any CPU
		{8C7D517D-4803-4268-86AC-674E65D35DDD}.AppStore|x86.ActiveCfg = Debug|Any CPU
		{8C7D517D-4803-4268-86AC-674E65D35DDD}.AppStore|x86.Build.0 = Debug|Any CPU
		{8C7D517D-4803-4268-86AC-674E65D35DDD}.Debug|Any CPU.ActiveCfg = Debug|Any CPU
		{8C7D517D-4803-4268-86AC-674E65D35DDD}.Debug|Any CPU.Build.0 = Debug|Any CPU
		{8C7D517D-4803-4268-86AC-674E65D35DDD}.Debug|ARM.ActiveCfg = Debug|Any CPU
		{8C7D517D-4803-4268-86AC-674E65D35DDD}.Debug|ARM.Build.0 = Debug|Any CPU
		{8C7D517D-4803-4268-86AC-674E65D35DDD}.Debug|iPhone.ActiveCfg = Debug|Any CPU
		{8C7D517D-4803-4268-86AC-674E65D35DDD}.Debug|iPhone.Build.0 = Debug|Any CPU
		{8C7D517D-4803-4268-86AC-674E65D35DDD}.Debug|iPhoneSimulator.ActiveCfg = Debug|Any CPU
		{8C7D517D-4803-4268-86AC-674E65D35DDD}.Debug|iPhoneSimulator.Build.0 = Debug|Any CPU
		{8C7D517D-4803-4268-86AC-674E65D35DDD}.Debug|x64.ActiveCfg = Debug|Any CPU
		{8C7D517D-4803-4268-86AC-674E65D35DDD}.Debug|x64.Build.0 = Debug|Any CPU
		{8C7D517D-4803-4268-86AC-674E65D35DDD}.Debug|x86.ActiveCfg = Debug|Any CPU
		{8C7D517D-4803-4268-86AC-674E65D35DDD}.Debug|x86.Build.0 = Debug|Any CPU
		{8C7D517D-4803-4268-86AC-674E65D35DDD}.Release|Any CPU.ActiveCfg = Release|Any CPU
		{8C7D517D-4803-4268-86AC-674E65D35DDD}.Release|Any CPU.Build.0 = Release|Any CPU
		{8C7D517D-4803-4268-86AC-674E65D35DDD}.Release|ARM.ActiveCfg = Release|Any CPU
		{8C7D517D-4803-4268-86AC-674E65D35DDD}.Release|ARM.Build.0 = Release|Any CPU
		{8C7D517D-4803-4268-86AC-674E65D35DDD}.Release|iPhone.ActiveCfg = Release|Any CPU
		{8C7D517D-4803-4268-86AC-674E65D35DDD}.Release|iPhone.Build.0 = Release|Any CPU
		{8C7D517D-4803-4268-86AC-674E65D35DDD}.Release|iPhoneSimulator.ActiveCfg = Release|Any CPU
		{8C7D517D-4803-4268-86AC-674E65D35DDD}.Release|iPhoneSimulator.Build.0 = Release|Any CPU
		{8C7D517D-4803-4268-86AC-674E65D35DDD}.Release|x64.ActiveCfg = Release|Any CPU
		{8C7D517D-4803-4268-86AC-674E65D35DDD}.Release|x64.Build.0 = Release|Any CPU
		{8C7D517D-4803-4268-86AC-674E65D35DDD}.Release|x86.ActiveCfg = Release|Any CPU
		{8C7D517D-4803-4268-86AC-674E65D35DDD}.Release|x86.Build.0 = Release|Any CPU
		{5F2B33C0-798D-41FC-B474-9B89FF5A09EF}.Ad-Hoc|Any CPU.ActiveCfg = Release|Any CPU
		{5F2B33C0-798D-41FC-B474-9B89FF5A09EF}.Ad-Hoc|Any CPU.Build.0 = Release|Any CPU
		{5F2B33C0-798D-41FC-B474-9B89FF5A09EF}.Ad-Hoc|Any CPU.Deploy.0 = Release|Any CPU
		{5F2B33C0-798D-41FC-B474-9B89FF5A09EF}.Ad-Hoc|ARM.ActiveCfg = Release|Any CPU
		{5F2B33C0-798D-41FC-B474-9B89FF5A09EF}.Ad-Hoc|ARM.Build.0 = Release|Any CPU
		{5F2B33C0-798D-41FC-B474-9B89FF5A09EF}.Ad-Hoc|ARM.Deploy.0 = Release|Any CPU
		{5F2B33C0-798D-41FC-B474-9B89FF5A09EF}.Ad-Hoc|iPhone.ActiveCfg = Release|Any CPU
		{5F2B33C0-798D-41FC-B474-9B89FF5A09EF}.Ad-Hoc|iPhone.Build.0 = Release|Any CPU
		{5F2B33C0-798D-41FC-B474-9B89FF5A09EF}.Ad-Hoc|iPhone.Deploy.0 = Release|Any CPU
		{5F2B33C0-798D-41FC-B474-9B89FF5A09EF}.Ad-Hoc|iPhoneSimulator.ActiveCfg = Release|Any CPU
		{5F2B33C0-798D-41FC-B474-9B89FF5A09EF}.Ad-Hoc|iPhoneSimulator.Build.0 = Release|Any CPU
		{5F2B33C0-798D-41FC-B474-9B89FF5A09EF}.Ad-Hoc|iPhoneSimulator.Deploy.0 = Release|Any CPU
		{5F2B33C0-798D-41FC-B474-9B89FF5A09EF}.Ad-Hoc|x64.ActiveCfg = Release|Any CPU
		{5F2B33C0-798D-41FC-B474-9B89FF5A09EF}.Ad-Hoc|x64.Build.0 = Release|Any CPU
		{5F2B33C0-798D-41FC-B474-9B89FF5A09EF}.Ad-Hoc|x64.Deploy.0 = Release|Any CPU
		{5F2B33C0-798D-41FC-B474-9B89FF5A09EF}.Ad-Hoc|x86.ActiveCfg = Release|Any CPU
		{5F2B33C0-798D-41FC-B474-9B89FF5A09EF}.Ad-Hoc|x86.Build.0 = Release|Any CPU
		{5F2B33C0-798D-41FC-B474-9B89FF5A09EF}.Ad-Hoc|x86.Deploy.0 = Release|Any CPU
		{5F2B33C0-798D-41FC-B474-9B89FF5A09EF}.AppStore|Any CPU.ActiveCfg = Release|Any CPU
		{5F2B33C0-798D-41FC-B474-9B89FF5A09EF}.AppStore|Any CPU.Build.0 = Release|Any CPU
		{5F2B33C0-798D-41FC-B474-9B89FF5A09EF}.AppStore|Any CPU.Deploy.0 = Release|Any CPU
		{5F2B33C0-798D-41FC-B474-9B89FF5A09EF}.AppStore|ARM.ActiveCfg = Release|Any CPU
		{5F2B33C0-798D-41FC-B474-9B89FF5A09EF}.AppStore|ARM.Build.0 = Release|Any CPU
		{5F2B33C0-798D-41FC-B474-9B89FF5A09EF}.AppStore|ARM.Deploy.0 = Release|Any CPU
		{5F2B33C0-798D-41FC-B474-9B89FF5A09EF}.AppStore|iPhone.ActiveCfg = Release|Any CPU
		{5F2B33C0-798D-41FC-B474-9B89FF5A09EF}.AppStore|iPhone.Build.0 = Release|Any CPU
		{5F2B33C0-798D-41FC-B474-9B89FF5A09EF}.AppStore|iPhone.Deploy.0 = Release|Any CPU
		{5F2B33C0-798D-41FC-B474-9B89FF5A09EF}.AppStore|iPhoneSimulator.ActiveCfg = Release|Any CPU
		{5F2B33C0-798D-41FC-B474-9B89FF5A09EF}.AppStore|iPhoneSimulator.Build.0 = Release|Any CPU
		{5F2B33C0-798D-41FC-B474-9B89FF5A09EF}.AppStore|iPhoneSimulator.Deploy.0 = Release|Any CPU
		{5F2B33C0-798D-41FC-B474-9B89FF5A09EF}.AppStore|x64.ActiveCfg = Release|Any CPU
		{5F2B33C0-798D-41FC-B474-9B89FF5A09EF}.AppStore|x64.Build.0 = Release|Any CPU
		{5F2B33C0-798D-41FC-B474-9B89FF5A09EF}.AppStore|x64.Deploy.0 = Release|Any CPU
		{5F2B33C0-798D-41FC-B474-9B89FF5A09EF}.AppStore|x86.ActiveCfg = Release|Any CPU
		{5F2B33C0-798D-41FC-B474-9B89FF5A09EF}.AppStore|x86.Build.0 = Release|Any CPU
		{5F2B33C0-798D-41FC-B474-9B89FF5A09EF}.AppStore|x86.Deploy.0 = Release|Any CPU
		{5F2B33C0-798D-41FC-B474-9B89FF5A09EF}.Debug|Any CPU.ActiveCfg = Debug|Any CPU
		{5F2B33C0-798D-41FC-B474-9B89FF5A09EF}.Debug|Any CPU.Build.0 = Debug|Any CPU
		{5F2B33C0-798D-41FC-B474-9B89FF5A09EF}.Debug|Any CPU.Deploy.0 = Debug|Any CPU
		{5F2B33C0-798D-41FC-B474-9B89FF5A09EF}.Debug|ARM.ActiveCfg = Debug|Any CPU
		{5F2B33C0-798D-41FC-B474-9B89FF5A09EF}.Debug|ARM.Build.0 = Debug|Any CPU
		{5F2B33C0-798D-41FC-B474-9B89FF5A09EF}.Debug|ARM.Deploy.0 = Debug|Any CPU
		{5F2B33C0-798D-41FC-B474-9B89FF5A09EF}.Debug|iPhone.ActiveCfg = Debug|Any CPU
		{5F2B33C0-798D-41FC-B474-9B89FF5A09EF}.Debug|iPhone.Build.0 = Debug|Any CPU
		{5F2B33C0-798D-41FC-B474-9B89FF5A09EF}.Debug|iPhone.Deploy.0 = Debug|Any CPU
		{5F2B33C0-798D-41FC-B474-9B89FF5A09EF}.Debug|iPhoneSimulator.ActiveCfg = Debug|Any CPU
		{5F2B33C0-798D-41FC-B474-9B89FF5A09EF}.Debug|iPhoneSimulator.Build.0 = Debug|Any CPU
		{5F2B33C0-798D-41FC-B474-9B89FF5A09EF}.Debug|iPhoneSimulator.Deploy.0 = Debug|Any CPU
		{5F2B33C0-798D-41FC-B474-9B89FF5A09EF}.Debug|x64.ActiveCfg = Debug|Any CPU
		{5F2B33C0-798D-41FC-B474-9B89FF5A09EF}.Debug|x64.Build.0 = Debug|Any CPU
		{5F2B33C0-798D-41FC-B474-9B89FF5A09EF}.Debug|x64.Deploy.0 = Debug|Any CPU
		{5F2B33C0-798D-41FC-B474-9B89FF5A09EF}.Debug|x86.ActiveCfg = Debug|Any CPU
		{5F2B33C0-798D-41FC-B474-9B89FF5A09EF}.Debug|x86.Build.0 = Debug|Any CPU
		{5F2B33C0-798D-41FC-B474-9B89FF5A09EF}.Debug|x86.Deploy.0 = Debug|Any CPU
		{5F2B33C0-798D-41FC-B474-9B89FF5A09EF}.Release|Any CPU.ActiveCfg = Release|Any CPU
		{5F2B33C0-798D-41FC-B474-9B89FF5A09EF}.Release|Any CPU.Build.0 = Release|Any CPU
		{5F2B33C0-798D-41FC-B474-9B89FF5A09EF}.Release|Any CPU.Deploy.0 = Release|Any CPU
		{5F2B33C0-798D-41FC-B474-9B89FF5A09EF}.Release|ARM.ActiveCfg = Release|Any CPU
		{5F2B33C0-798D-41FC-B474-9B89FF5A09EF}.Release|ARM.Build.0 = Release|Any CPU
		{5F2B33C0-798D-41FC-B474-9B89FF5A09EF}.Release|ARM.Deploy.0 = Release|Any CPU
		{5F2B33C0-798D-41FC-B474-9B89FF5A09EF}.Release|iPhone.ActiveCfg = Release|Any CPU
		{5F2B33C0-798D-41FC-B474-9B89FF5A09EF}.Release|iPhone.Build.0 = Release|Any CPU
		{5F2B33C0-798D-41FC-B474-9B89FF5A09EF}.Release|iPhone.Deploy.0 = Release|Any CPU
		{5F2B33C0-798D-41FC-B474-9B89FF5A09EF}.Release|iPhoneSimulator.ActiveCfg = Release|Any CPU
		{5F2B33C0-798D-41FC-B474-9B89FF5A09EF}.Release|iPhoneSimulator.Build.0 = Release|Any CPU
		{5F2B33C0-798D-41FC-B474-9B89FF5A09EF}.Release|iPhoneSimulator.Deploy.0 = Release|Any CPU
		{5F2B33C0-798D-41FC-B474-9B89FF5A09EF}.Release|x64.ActiveCfg = Release|Any CPU
		{5F2B33C0-798D-41FC-B474-9B89FF5A09EF}.Release|x64.Build.0 = Release|Any CPU
		{5F2B33C0-798D-41FC-B474-9B89FF5A09EF}.Release|x64.Deploy.0 = Release|Any CPU
		{5F2B33C0-798D-41FC-B474-9B89FF5A09EF}.Release|x86.ActiveCfg = Release|Any CPU
		{5F2B33C0-798D-41FC-B474-9B89FF5A09EF}.Release|x86.Build.0 = Release|Any CPU
		{5F2B33C0-798D-41FC-B474-9B89FF5A09EF}.Release|x86.Deploy.0 = Release|Any CPU
		{BE7E54E9-920D-4E70-AA12-C87E4A766E79}.Ad-Hoc|Any CPU.ActiveCfg = Ad-Hoc|iPhone
		{BE7E54E9-920D-4E70-AA12-C87E4A766E79}.Ad-Hoc|ARM.ActiveCfg = Ad-Hoc|iPhone
		{BE7E54E9-920D-4E70-AA12-C87E4A766E79}.Ad-Hoc|iPhone.ActiveCfg = Ad-Hoc|iPhone
		{BE7E54E9-920D-4E70-AA12-C87E4A766E79}.Ad-Hoc|iPhone.Build.0 = Ad-Hoc|iPhone
		{BE7E54E9-920D-4E70-AA12-C87E4A766E79}.Ad-Hoc|iPhoneSimulator.ActiveCfg = Ad-Hoc|iPhoneSimulator
		{BE7E54E9-920D-4E70-AA12-C87E4A766E79}.Ad-Hoc|iPhoneSimulator.Build.0 = Ad-Hoc|iPhoneSimulator
		{BE7E54E9-920D-4E70-AA12-C87E4A766E79}.Ad-Hoc|x64.ActiveCfg = Ad-Hoc|iPhone
		{BE7E54E9-920D-4E70-AA12-C87E4A766E79}.Ad-Hoc|x86.ActiveCfg = Ad-Hoc|iPhone
		{BE7E54E9-920D-4E70-AA12-C87E4A766E79}.AppStore|Any CPU.ActiveCfg = AppStore|iPhone
		{BE7E54E9-920D-4E70-AA12-C87E4A766E79}.AppStore|ARM.ActiveCfg = AppStore|iPhone
		{BE7E54E9-920D-4E70-AA12-C87E4A766E79}.AppStore|iPhone.ActiveCfg = AppStore|iPhone
		{BE7E54E9-920D-4E70-AA12-C87E4A766E79}.AppStore|iPhone.Build.0 = AppStore|iPhone
		{BE7E54E9-920D-4E70-AA12-C87E4A766E79}.AppStore|iPhoneSimulator.ActiveCfg = AppStore|iPhoneSimulator
		{BE7E54E9-920D-4E70-AA12-C87E4A766E79}.AppStore|iPhoneSimulator.Build.0 = AppStore|iPhoneSimulator
		{BE7E54E9-920D-4E70-AA12-C87E4A766E79}.AppStore|x64.ActiveCfg = AppStore|iPhone
		{BE7E54E9-920D-4E70-AA12-C87E4A766E79}.AppStore|x86.ActiveCfg = AppStore|iPhone
		{BE7E54E9-920D-4E70-AA12-C87E4A766E79}.Debug|Any CPU.ActiveCfg = Debug|iPhone
		{BE7E54E9-920D-4E70-AA12-C87E4A766E79}.Debug|ARM.ActiveCfg = Debug|iPhone
		{BE7E54E9-920D-4E70-AA12-C87E4A766E79}.Debug|iPhone.ActiveCfg = Debug|iPhone
		{BE7E54E9-920D-4E70-AA12-C87E4A766E79}.Debug|iPhone.Build.0 = Debug|iPhone
		{BE7E54E9-920D-4E70-AA12-C87E4A766E79}.Debug|iPhoneSimulator.ActiveCfg = Debug|iPhoneSimulator
		{BE7E54E9-920D-4E70-AA12-C87E4A766E79}.Debug|iPhoneSimulator.Build.0 = Debug|iPhoneSimulator
		{BE7E54E9-920D-4E70-AA12-C87E4A766E79}.Debug|x64.ActiveCfg = Debug|iPhone
		{BE7E54E9-920D-4E70-AA12-C87E4A766E79}.Debug|x86.ActiveCfg = Debug|iPhone
		{BE7E54E9-920D-4E70-AA12-C87E4A766E79}.Release|Any CPU.ActiveCfg = Release|iPhone
		{BE7E54E9-920D-4E70-AA12-C87E4A766E79}.Release|ARM.ActiveCfg = Release|iPhone
		{BE7E54E9-920D-4E70-AA12-C87E4A766E79}.Release|iPhone.ActiveCfg = Release|iPhone
		{BE7E54E9-920D-4E70-AA12-C87E4A766E79}.Release|iPhone.Build.0 = Release|iPhone
		{BE7E54E9-920D-4E70-AA12-C87E4A766E79}.Release|iPhoneSimulator.ActiveCfg = Release|iPhoneSimulator
		{BE7E54E9-920D-4E70-AA12-C87E4A766E79}.Release|iPhoneSimulator.Build.0 = Release|iPhoneSimulator
		{BE7E54E9-920D-4E70-AA12-C87E4A766E79}.Release|x64.ActiveCfg = Release|iPhone
		{BE7E54E9-920D-4E70-AA12-C87E4A766E79}.Release|x86.ActiveCfg = Release|iPhone
		{79E882AA-014B-4607-A12E-5398BA7858EB}.Ad-Hoc|Any CPU.ActiveCfg = Release|x86
		{79E882AA-014B-4607-A12E-5398BA7858EB}.Ad-Hoc|Any CPU.Build.0 = Release|x86
		{79E882AA-014B-4607-A12E-5398BA7858EB}.Ad-Hoc|Any CPU.Deploy.0 = Release|x86
		{79E882AA-014B-4607-A12E-5398BA7858EB}.Ad-Hoc|ARM.ActiveCfg = Release|ARM
		{79E882AA-014B-4607-A12E-5398BA7858EB}.Ad-Hoc|ARM.Build.0 = Release|ARM
		{79E882AA-014B-4607-A12E-5398BA7858EB}.Ad-Hoc|ARM.Deploy.0 = Release|ARM
		{79E882AA-014B-4607-A12E-5398BA7858EB}.Ad-Hoc|iPhone.ActiveCfg = Release|x86
		{79E882AA-014B-4607-A12E-5398BA7858EB}.Ad-Hoc|iPhone.Build.0 = Release|x86
		{79E882AA-014B-4607-A12E-5398BA7858EB}.Ad-Hoc|iPhone.Deploy.0 = Release|x86
		{79E882AA-014B-4607-A12E-5398BA7858EB}.Ad-Hoc|iPhoneSimulator.ActiveCfg = Release|x86
		{79E882AA-014B-4607-A12E-5398BA7858EB}.Ad-Hoc|iPhoneSimulator.Build.0 = Release|x86
		{79E882AA-014B-4607-A12E-5398BA7858EB}.Ad-Hoc|iPhoneSimulator.Deploy.0 = Release|x86
		{79E882AA-014B-4607-A12E-5398BA7858EB}.Ad-Hoc|x64.ActiveCfg = Release|x64
		{79E882AA-014B-4607-A12E-5398BA7858EB}.Ad-Hoc|x64.Build.0 = Release|x64
		{79E882AA-014B-4607-A12E-5398BA7858EB}.Ad-Hoc|x64.Deploy.0 = Release|x64
		{79E882AA-014B-4607-A12E-5398BA7858EB}.Ad-Hoc|x86.ActiveCfg = Release|x86
		{79E882AA-014B-4607-A12E-5398BA7858EB}.Ad-Hoc|x86.Build.0 = Release|x86
		{79E882AA-014B-4607-A12E-5398BA7858EB}.Ad-Hoc|x86.Deploy.0 = Release|x86
		{79E882AA-014B-4607-A12E-5398BA7858EB}.AppStore|Any CPU.ActiveCfg = Release|x86
		{79E882AA-014B-4607-A12E-5398BA7858EB}.AppStore|Any CPU.Build.0 = Release|x86
		{79E882AA-014B-4607-A12E-5398BA7858EB}.AppStore|Any CPU.Deploy.0 = Release|x86
		{79E882AA-014B-4607-A12E-5398BA7858EB}.AppStore|ARM.ActiveCfg = Release|ARM
		{79E882AA-014B-4607-A12E-5398BA7858EB}.AppStore|ARM.Build.0 = Release|ARM
		{79E882AA-014B-4607-A12E-5398BA7858EB}.AppStore|ARM.Deploy.0 = Release|ARM
		{79E882AA-014B-4607-A12E-5398BA7858EB}.AppStore|iPhone.ActiveCfg = Release|x86
		{79E882AA-014B-4607-A12E-5398BA7858EB}.AppStore|iPhone.Build.0 = Release|x86
		{79E882AA-014B-4607-A12E-5398BA7858EB}.AppStore|iPhone.Deploy.0 = Release|x86
		{79E882AA-014B-4607-A12E-5398BA7858EB}.AppStore|iPhoneSimulator.ActiveCfg = Release|x86
		{79E882AA-014B-4607-A12E-5398BA7858EB}.AppStore|iPhoneSimulator.Build.0 = Release|x86
		{79E882AA-014B-4607-A12E-5398BA7858EB}.AppStore|iPhoneSimulator.Deploy.0 = Release|x86
		{79E882AA-014B-4607-A12E-5398BA7858EB}.AppStore|x64.ActiveCfg = Release|x64
		{79E882AA-014B-4607-A12E-5398BA7858EB}.AppStore|x64.Build.0 = Release|x64
		{79E882AA-014B-4607-A12E-5398BA7858EB}.AppStore|x64.Deploy.0 = Release|x64
		{79E882AA-014B-4607-A12E-5398BA7858EB}.AppStore|x86.ActiveCfg = Release|x86
		{79E882AA-014B-4607-A12E-5398BA7858EB}.AppStore|x86.Build.0 = Release|x86
		{79E882AA-014B-4607-A12E-5398BA7858EB}.AppStore|x86.Deploy.0 = Release|x86
		{79E882AA-014B-4607-A12E-5398BA7858EB}.Debug|Any CPU.ActiveCfg = Debug|x86
		{79E882AA-014B-4607-A12E-5398BA7858EB}.Debug|ARM.ActiveCfg = Debug|ARM
		{79E882AA-014B-4607-A12E-5398BA7858EB}.Debug|ARM.Build.0 = Debug|ARM
		{79E882AA-014B-4607-A12E-5398BA7858EB}.Debug|ARM.Deploy.0 = Debug|ARM
		{79E882AA-014B-4607-A12E-5398BA7858EB}.Debug|iPhone.ActiveCfg = Debug|x86
		{79E882AA-014B-4607-A12E-5398BA7858EB}.Debug|iPhoneSimulator.ActiveCfg = Debug|x86
		{79E882AA-014B-4607-A12E-5398BA7858EB}.Debug|x64.ActiveCfg = Debug|x64
		{79E882AA-014B-4607-A12E-5398BA7858EB}.Debug|x64.Build.0 = Debug|x64
		{79E882AA-014B-4607-A12E-5398BA7858EB}.Debug|x64.Deploy.0 = Debug|x64
		{79E882AA-014B-4607-A12E-5398BA7858EB}.Debug|x86.ActiveCfg = Debug|x86
		{79E882AA-014B-4607-A12E-5398BA7858EB}.Debug|x86.Build.0 = Debug|x86
		{79E882AA-014B-4607-A12E-5398BA7858EB}.Debug|x86.Deploy.0 = Debug|x86
		{79E882AA-014B-4607-A12E-5398BA7858EB}.Release|Any CPU.ActiveCfg = Release|x86
		{79E882AA-014B-4607-A12E-5398BA7858EB}.Release|ARM.ActiveCfg = Release|ARM
		{79E882AA-014B-4607-A12E-5398BA7858EB}.Release|ARM.Build.0 = Release|ARM
		{79E882AA-014B-4607-A12E-5398BA7858EB}.Release|ARM.Deploy.0 = Release|ARM
		{79E882AA-014B-4607-A12E-5398BA7858EB}.Release|iPhone.ActiveCfg = Release|x86
		{79E882AA-014B-4607-A12E-5398BA7858EB}.Release|iPhoneSimulator.ActiveCfg = Release|x86
		{79E882AA-014B-4607-A12E-5398BA7858EB}.Release|x64.ActiveCfg = Release|x64
		{79E882AA-014B-4607-A12E-5398BA7858EB}.Release|x64.Build.0 = Release|x64
		{79E882AA-014B-4607-A12E-5398BA7858EB}.Release|x64.Deploy.0 = Release|x64
		{79E882AA-014B-4607-A12E-5398BA7858EB}.Release|x86.ActiveCfg = Release|x86
		{79E882AA-014B-4607-A12E-5398BA7858EB}.Release|x86.Build.0 = Release|x86
		{79E882AA-014B-4607-A12E-5398BA7858EB}.Release|x86.Deploy.0 = Release|x86
	EndGlobalSection
	GlobalSection(SolutionProperties) = preSolution
		HideSolutionNode = FALSE
	EndGlobalSection
	GlobalSection(NestedProjects) = preSolution
		{917C6CD5-AB40-4834-AC83-F31AD9C6A503} = {082E54CB-236C-4EB2-9D91-A072CEF6A059}
		{909064CC-693A-4689-957D-46ADB692AD3E} = {082E54CB-236C-4EB2-9D91-A072CEF6A059}
		{9EF98CB3-294F-4CCF-8024-279FF290E355} = {909064CC-693A-4689-957D-46ADB692AD3E}
		{8CD615A2-207E-4F19-8D3F-0CDCBDAE440D} = {909064CC-693A-4689-957D-46ADB692AD3E}
		{532334CA-FC86-4305-B775-5E3A0379016B} = {909064CC-693A-4689-957D-46ADB692AD3E}
		{8D673D2A-8F43-4027-B0F2-16E10714CD61} = {082E54CB-236C-4EB2-9D91-A072CEF6A059}
		{82D8312B-4B4C-43E4-A8E1-57D75FF4BAF4} = {917C6CD5-AB40-4834-AC83-F31AD9C6A503}
		{DAF67A18-E85C-4DB5-83C2-E7449E60260A} = {9EF98CB3-294F-4CCF-8024-279FF290E355}
		{26393B33-EA40-422C-8D1A-F6D19C94BA0D} = {9EF98CB3-294F-4CCF-8024-279FF290E355}
		{D2ED7C14-E628-4883-A22D-E55C603E65F3} = {8D673D2A-8F43-4027-B0F2-16E10714CD61}
		{E71F3053-056C-4381-9638-048ED73BDFF6} = {8D673D2A-8F43-4027-B0F2-16E10714CD61}
		{15A18528-8C96-4680-B6F2-F49AF78B8FC0} = {532334CA-FC86-4305-B775-5E3A0379016B}
		{FCB81B9F-94E6-47B3-B469-C2F0EEE82A8F} = {8CD615A2-207E-4F19-8D3F-0CDCBDAE440D}
		{79A937FD-5691-473E-B6B3-FF08924F3B7B} = {8CD615A2-207E-4F19-8D3F-0CDCBDAE440D}
		{A5CC8529-D445-43D7-86C5-B2F251916963} = {8D673D2A-8F43-4027-B0F2-16E10714CD61}
		{C793EB63-5A6D-4034-BD14-352EE60EA3C9} = {3B3E04BC-B880-49AF-B4B0-96D0C02049BF}
		{8C7D517D-4803-4268-86AC-674E65D35DDD} = {C793EB63-5A6D-4034-BD14-352EE60EA3C9}
		{5F2B33C0-798D-41FC-B474-9B89FF5A09EF} = {3B3E04BC-B880-49AF-B4B0-96D0C02049BF}
		{BE7E54E9-920D-4E70-AA12-C87E4A766E79} = {3B3E04BC-B880-49AF-B4B0-96D0C02049BF}
		{79E882AA-014B-4607-A12E-5398BA7858EB} = {3B3E04BC-B880-49AF-B4B0-96D0C02049BF}
	EndGlobalSection
	GlobalSection(ExtensibilityGlobals) = postSolution
		SolutionGuid = {3F08B3FE-5B85-4304-ACE5-765B0657269A}
	EndGlobalSection
EndGlobal
